
Microsoft Visual Studio Solution File, Format Version 12.00
# Visual Studio Version 17
VisualStudioVersion = 17.9.34622.214
MinimumVisualStudioVersion = 10.0.40219.1
Project("{FAE04EC0-301F-11D3-BF4B-00C04F79EFBC}") = "GerenciadorTI", "GerenciadorTI.csproj", "{583CDBBA-47AC-445A-9091-2CCA9EA778DA}"
EndProject
Global
	GlobalSection(SolutionConfigurationPlatforms) = preSolution
		Debug|Any CPU = Debug|Any CPU
		Release|Any CPU = Release|Any CPU
	EndGlobalSection
	GlobalSection(ProjectConfigurationPlatforms) = postSolution
		{583CDBBA-47AC-445A-9091-2CCA9EA778DA}.Debug|Any CPU.ActiveCfg = Debug|Any CPU
		{583CDBBA-47AC-445A-9091-2CCA9EA778DA}.Debug|Any CPU.Build.0 = Debug|Any CPU
		{583CDBBA-47AC-445A-9091-2CCA9EA778DA}.Release|Any CPU.ActiveCfg = Release|Any CPU
		{583CDBBA-47AC-445A-9091-2CCA9EA778DA}.Release|Any CPU.Build.0 = Release|Any CPU
	EndGlobalSection
	GlobalSection(SolutionProperties) = preSolution
		HideSolutionNode = FALSE
	EndGlobalSection
	GlobalSection(ExtensibilityGlobals) = postSolution
		SolutionGuid = {E878553D-55A0-4111-8856-99F339A85FFD}
	EndGlobalSection
EndGlobal
